
Microsoft Visual Studio Solution File, Format Version 12.00
# Visual Studio Version 17
VisualStudioVersion = 17.6.33712.159
MinimumVisualStudioVersion = 10.0.40219.1
Project("{9A19103F-16F7-4668-BE54-9A1E7A4F7556}") = "IMobi.Imovel.Api", "IMobi.Imovel.Api\IMobi.Imovel.Api.csproj", "{39785B78-3E75-448A-A71B-F8E8620DB867}"
EndProject
Project("{E53339B2-1760-4266-BCC7-CA923CBCF16C}") = "docker-compose", "docker-compose.dcproj", "{F5049042-2E7D-4CAF-8E72-9898C50BE05E}"
EndProject
Project("{FAE04EC0-301F-11D3-BF4B-00C04F79EFBC}") = "IMobi.User.Api", "IMobi.User.Api\IMobi.User.Api.csproj", "{6EB2DE16-8744-449A-80BE-4EAE283D3389}"
EndProject
Project("{FAE04EC0-301F-11D3-BF4B-00C04F79EFBC}") = "IMobi.Images.Api", "IMobi.Images.Api\IMobi.Images.Api.csproj", "{C22CD285-3720-4446-81B3-802CE5B080EE}"
EndProject
Project("{FAE04EC0-301F-11D3-BF4B-00C04F79EFBC}") = "IMobi.Gateway.Api", "IMobi.Gateway.Api\IMobi.Gateway.Api.csproj", "{2E067377-7911-468B-A2EF-8E6ADE430BCC}"
EndProject
Global
	GlobalSection(SolutionConfigurationPlatforms) = preSolution
		Debug|Any CPU = Debug|Any CPU
		Release|Any CPU = Release|Any CPU
	EndGlobalSection
	GlobalSection(ProjectConfigurationPlatforms) = postSolution
		{39785B78-3E75-448A-A71B-F8E8620DB867}.Debug|Any CPU.ActiveCfg = Debug|Any CPU
		{39785B78-3E75-448A-A71B-F8E8620DB867}.Debug|Any CPU.Build.0 = Debug|Any CPU
		{39785B78-3E75-448A-A71B-F8E8620DB867}.Release|Any CPU.ActiveCfg = Release|Any CPU
		{39785B78-3E75-448A-A71B-F8E8620DB867}.Release|Any CPU.Build.0 = Release|Any CPU
		{F5049042-2E7D-4CAF-8E72-9898C50BE05E}.Debug|Any CPU.ActiveCfg = Debug|Any CPU
		{F5049042-2E7D-4CAF-8E72-9898C50BE05E}.Debug|Any CPU.Build.0 = Debug|Any CPU
		{F5049042-2E7D-4CAF-8E72-9898C50BE05E}.Release|Any CPU.ActiveCfg = Release|Any CPU
		{F5049042-2E7D-4CAF-8E72-9898C50BE05E}.Release|Any CPU.Build.0 = Release|Any CPU
		{6EB2DE16-8744-449A-80BE-4EAE283D3389}.Debug|Any CPU.ActiveCfg = Debug|Any CPU
		{6EB2DE16-8744-449A-80BE-4EAE283D3389}.Debug|Any CPU.Build.0 = Debug|Any CPU
		{6EB2DE16-8744-449A-80BE-4EAE283D3389}.Release|Any CPU.ActiveCfg = Release|Any CPU
		{6EB2DE16-8744-449A-80BE-4EAE283D3389}.Release|Any CPU.Build.0 = Release|Any CPU
		{C22CD285-3720-4446-81B3-802CE5B080EE}.Debug|Any CPU.ActiveCfg = Debug|Any CPU
		{C22CD285-3720-4446-81B3-802CE5B080EE}.Debug|Any CPU.Build.0 = Debug|Any CPU
		{C22CD285-3720-4446-81B3-802CE5B080EE}.Release|Any CPU.ActiveCfg = Release|Any CPU
		{C22CD285-3720-4446-81B3-802CE5B080EE}.Release|Any CPU.Build.0 = Release|Any CPU
		{2E067377-7911-468B-A2EF-8E6ADE430BCC}.Debug|Any CPU.ActiveCfg = Debug|Any CPU
		{2E067377-7911-468B-A2EF-8E6ADE430BCC}.Debug|Any CPU.Build.0 = Debug|Any CPU
		{2E067377-7911-468B-A2EF-8E6ADE430BCC}.Release|Any CPU.ActiveCfg = Release|Any CPU
		{2E067377-7911-468B-A2EF-8E6ADE430BCC}.Release|Any CPU.Build.0 = Release|Any CPU
	EndGlobalSection
	GlobalSection(SolutionProperties) = preSolution
		HideSolutionNode = FALSE
	EndGlobalSection
	GlobalSection(ExtensibilityGlobals) = postSolution
		SolutionGuid = {80CAA15E-95CE-4E01-A7F2-5D9D2C5B31E5}
	EndGlobalSection
EndGlobal
