{
  "name": "iMobi",
  "lockfileVersion": 3,
  "requires": true,
  "packages": {
    "node_modules/@esbuild/win32-x64": {
      "version": "0.18.20",
      "resolved": "https://registry.npmjs.org/@esbuild/win32-x64/-/win32-x64-0.18.20.tgz",
      "integrity": "sha512-kTdfRcSiDfQca/y9QIkng02avJ+NCaQvrMejlsB3RRv5sE9rRoeBPISaZpKxHELzRxZyLvNts1P27W3wV+8geQ==",
      "cpu": [
        "x64"
      ],
      "optional": true,
      "os": [
        "win32"
      ],
      "peer": true,
      "engines": {
        "node": ">=12"
      }
    },
    "node_modules/@swc/core": {
      "version": "1.3.94",
      "resolved": "https://registry.npmjs.org/@swc/core/-/core-1.3.94.tgz",
      "integrity": "sha512-jTHn8UJOGgERKZLy8euEixVAzC/w/rUSuMlM3e7hxgap/TC595hSkuQwtkpL238dsuEPveD44GMy2A5UBtSvjg==",
      "hasInstallScript": true,
      "dependencies": {
        "@swc/counter": "^0.1.1",
        "@swc/types": "^0.1.5"
      },
      "engines": {
        "node": ">=10"
      },
      "funding": {
        "type": "opencollective",
        "url": "https://opencollective.com/swc"
      },
      "optionalDependencies": {
        "@swc/core-darwin-arm64": "1.3.94",
        "@swc/core-darwin-x64": "1.3.94",
        "@swc/core-linux-arm-gnueabihf": "1.3.94",
        "@swc/core-linux-arm64-gnu": "1.3.94",
        "@swc/core-linux-arm64-musl": "1.3.94",
        "@swc/core-linux-x64-gnu": "1.3.94",
        "@swc/core-linux-x64-musl": "1.3.94",
        "@swc/core-win32-arm64-msvc": "1.3.94",
        "@swc/core-win32-ia32-msvc": "1.3.94",
        "@swc/core-win32-x64-msvc": "1.3.94"
      },
      "peerDependencies": {
        "@swc/helpers": "^0.5.0"
      },
      "peerDependenciesMeta": {
        "@swc/helpers": {
          "optional": true
        }
      }
    },
    "node_modules/@swc/core-win32-x64-msvc": {
      "version": "1.3.94",
      "resolved": "https://registry.npmjs.org/@swc/core-win32-x64-msvc/-/core-win32-x64-msvc-1.3.94.tgz",
      "integrity": "sha512-Ba0ZLcGMnqPWWF9Xa+rWhhnkpvE7XoQegMP/VCF2JIHb2ieGBC8jChO6nKRFKZjib/3wghGzxakyDQx3LDhDug==",
      "cpu": [
        "x64"
      ],
      "optional": true,
      "os": [
        "win32"
      ],
      "engines": {
        "node": ">=10"
      }
    },
    "node_modules/@swc/counter": {
      "version": "0.1.2",
      "resolved": "https://registry.npmjs.org/@swc/counter/-/counter-0.1.2.tgz",
      "integrity": "sha512-9F4ys4C74eSTEUNndnER3VJ15oru2NumfQxS8geE+f3eB5xvfxpWyqE5XlVnxb/R14uoXi6SLbBwwiDSkv+XEw=="
    },
    "node_modules/@swc/types": {
      "version": "0.1.5",
      "resolved": "https://registry.npmjs.org/@swc/types/-/types-0.1.5.tgz",
      "integrity": "sha512-myfUej5naTBWnqOCc/MdVOLVjXUXtIA+NpDrDBKJtLLg2shUjBu3cZmB/85RyitKc55+lUUyl7oRfLOvkr2hsw=="
    },
    "node_modules/@types/prop-types": {
      "version": "15.7.9",
      "resolved": "https://registry.npmjs.org/@types/prop-types/-/prop-types-15.7.9.tgz",
      "integrity": "sha512-n1yyPsugYNSmHgxDFjicaI2+gCNjsBck8UX9kuofAKlc0h1bL+20oSF72KeNaW2DUlesbEVCFgyV2dPGTiY42g=="
    },
    "node_modules/@types/react": {
      "version": "18.2.31",
      "resolved": "https://registry.npmjs.org/@types/react/-/react-18.2.31.tgz",
      "integrity": "sha512-c2UnPv548q+5DFh03y8lEDeMfDwBn9G3dRwfkrxQMo/dOtRHUUO57k6pHvBIfH/VF4Nh+98mZ5aaSe+2echD5g==",
      "dependencies": {
        "@types/prop-types": "*",
        "@types/scheduler": "*",
        "csstype": "^3.0.2"
      }
    },
    "node_modules/@types/scheduler": {
      "version": "0.16.5",
      "resolved": "https://registry.npmjs.org/@types/scheduler/-/scheduler-0.16.5.tgz",
      "integrity": "sha512-s/FPdYRmZR8SjLWGMCuax7r3qCWQw9QKHzXVukAuuIJkXkDRwp+Pu5LMIVFi0Fxbav35WURicYr8u1QsoybnQw=="
    },
    "node_modules/@vitejs/plugin-react-swc": {
      "version": "3.4.0",
      "resolved": "https://registry.npmjs.org/@vitejs/plugin-react-swc/-/plugin-react-swc-3.4.0.tgz",
      "integrity": "sha512-m7UaA4Uvz82N/0EOVpZL4XsFIakRqrFKeSNxa1FBLSXGvWrWRBwmZb4qxk+ZIVAZcW3c3dn5YosomDgx62XWcQ==",
      "dependencies": {
        "@swc/core": "^1.3.85"
      },
      "peerDependencies": {
        "vite": "^4"
      }
    },
    "node_modules/csstype": {
      "version": "3.1.2",
      "resolved": "https://registry.npmjs.org/csstype/-/csstype-3.1.2.tgz",
      "integrity": "sha512-I7K1Uu0MBPzaFKg4nI5Q7Vs2t+3gWWW648spaF+Rg7pI9ds18Ugn+lvg4SHczUdKlHI5LWBXyqfS8+DufyBsgQ=="
    },
    "node_modules/esbuild": {
      "version": "0.18.20",
      "resolved": "https://registry.npmjs.org/esbuild/-/esbuild-0.18.20.tgz",
      "integrity": "sha512-ceqxoedUrcayh7Y7ZX6NdbbDzGROiyVBgC4PriJThBKSVPWnnFHZAkfI1lJT8QFkOwH4qOS2SJkS4wvpGl8BpA==",
      "hasInstallScript": true,
      "peer": true,
      "bin": {
        "esbuild": "bin/esbuild"
      },
      "engines": {
        "node": ">=12"
      },
      "optionalDependencies": {
        "@esbuild/android-arm": "0.18.20",
        "@esbuild/android-arm64": "0.18.20",
        "@esbuild/android-x64": "0.18.20",
        "@esbuild/darwin-arm64": "0.18.20",
        "@esbuild/darwin-x64": "0.18.20",
        "@esbuild/freebsd-arm64": "0.18.20",
        "@esbuild/freebsd-x64": "0.18.20",
        "@esbuild/linux-arm": "0.18.20",
        "@esbuild/linux-arm64": "0.18.20",
        "@esbuild/linux-ia32": "0.18.20",
        "@esbuild/linux-loong64": "0.18.20",
        "@esbuild/linux-mips64el": "0.18.20",
        "@esbuild/linux-ppc64": "0.18.20",
        "@esbuild/linux-riscv64": "0.18.20",
        "@esbuild/linux-s390x": "0.18.20",
        "@esbuild/linux-x64": "0.18.20",
        "@esbuild/netbsd-x64": "0.18.20",
        "@esbuild/openbsd-x64": "0.18.20",
        "@esbuild/sunos-x64": "0.18.20",
        "@esbuild/win32-arm64": "0.18.20",
        "@esbuild/win32-ia32": "0.18.20",
        "@esbuild/win32-x64": "0.18.20"
      }
    },
    "node_modules/nanoid": {
      "version": "3.3.6",
      "resolved": "https://registry.npmjs.org/nanoid/-/nanoid-3.3.6.tgz",
      "integrity": "sha512-BGcqMMJuToF7i1rt+2PWSNVnWIkGCU78jBG3RxO/bZlnZPK2Cmi2QaffxGO/2RvWi9sL+FAiRiXMgsyxQ1DIDA==",
      "funding": [
        {
          "type": "github",
          "url": "https://github.com/sponsors/ai"
        }
      ],
      "peer": true,
      "bin": {
        "nanoid": "bin/nanoid.cjs"
      },
      "engines": {
        "node": "^10 || ^12 || ^13.7 || ^14 || >=15.0.1"
      }
    },
    "node_modules/picocolors": {
      "version": "1.0.0",
      "resolved": "https://registry.npmjs.org/picocolors/-/picocolors-1.0.0.tgz",
      "integrity": "sha512-1fygroTLlHu66zi26VoTDv8yRgm0Fccecssto+MhsZ0D/DGW2sm8E8AjW7NU5VVTRt5GxbeZ5qBuJr+HyLYkjQ==",
      "peer": true
    },
    "node_modules/postcss": {
      "version": "8.4.31",
      "resolved": "https://registry.npmjs.org/postcss/-/postcss-8.4.31.tgz",
      "integrity": "sha512-PS08Iboia9mts/2ygV3eLpY5ghnUcfLV/EXTOW1E2qYxJKGGBUtNjN76FYHnMs36RmARn41bC0AZmn+rR0OVpQ==",
      "funding": [
        {
          "type": "opencollective",
          "url": "https://opencollective.com/postcss/"
        },
        {
          "type": "tidelift",
          "url": "https://tidelift.com/funding/github/npm/postcss"
        },
        {
          "type": "github",
          "url": "https://github.com/sponsors/ai"
        }
      ],
      "peer": true,
      "dependencies": {
        "nanoid": "^3.3.6",
        "picocolors": "^1.0.0",
        "source-map-js": "^1.0.2"
      },
      "engines": {
        "node": "^10 || ^12 || >=14"
      }
    },
    "node_modules/rollup": {
      "version": "3.29.4",
      "resolved": "https://registry.npmjs.org/rollup/-/rollup-3.29.4.tgz",
      "integrity": "sha512-oWzmBZwvYrU0iJHtDmhsm662rC15FRXmcjCk1xD771dFDx5jJ02ufAQQTn0etB2emNk4J9EZg/yWKpsn9BWGRw==",
      "peer": true,
      "bin": {
        "rollup": "dist/bin/rollup"
      },
      "engines": {
        "node": ">=14.18.0",
        "npm": ">=8.0.0"
      },
      "optionalDependencies": {
        "fsevents": "~2.3.2"
      }
    },
    "node_modules/source-map-js": {
      "version": "1.0.2",
      "resolved": "https://registry.npmjs.org/source-map-js/-/source-map-js-1.0.2.tgz",
      "integrity": "sha512-R0XvVJ9WusLiqTCEiGCmICCMplcCkIwwR11mOSD9CR5u+IXYdiseeEuXCVAjS54zqwkLcPNnmU4OeJ6tUrWhDw==",
      "peer": true,
      "engines": {
        "node": ">=0.10.0"
      }
    },
    "node_modules/vite": {
      "version": "4.5.0",
      "resolved": "https://registry.npmjs.org/vite/-/vite-4.5.0.tgz",
      "integrity": "sha512-ulr8rNLA6rkyFAlVWw2q5YJ91v098AFQ2R0PRFwPzREXOUJQPtFUG0t+/ZikhaOCDqFoDhN6/v8Sq0o4araFAw==",
      "peer": true,
      "dependencies": {
        "esbuild": "^0.18.10",
        "postcss": "^8.4.27",
        "rollup": "^3.27.1"
      },
      "bin": {
        "vite": "bin/vite.js"
      },
      "engines": {
        "node": "^14.18.0 || >=16.0.0"
      },
      "funding": {
        "url": "https://github.com/vitejs/vite?sponsor=1"
      },
      "optionalDependencies": {
        "fsevents": "~2.3.2"
      },
      "peerDependencies": {
        "@types/node": ">= 14",
        "less": "*",
        "lightningcss": "^1.21.0",
        "sass": "*",
        "stylus": "*",
        "sugarss": "*",
        "terser": "^5.4.0"
      },
      "peerDependenciesMeta": {
        "@types/node": {
          "optional": true
        },
        "less": {
          "optional": true
        },
        "lightningcss": {
          "optional": true
        },
        "sass": {
          "optional": true
        },
        "stylus": {
          "optional": true
        },
        "sugarss": {
          "optional": true
        },
        "terser": {
          "optional": true
        }
      }
    }
  }
}
